
Microsoft Visual Studio Solution File, Format Version 12.00
# Visual Studio Version 17
VisualStudioVersion = 17.0.31903.59
MinimumVisualStudioVersion = 10.0.40219.1
Project("{2150E333-8FDC-42A3-9474-1A3956D46DE8}") = "src", "src", "{827E0CD3-B72D-47B6-A68D-7590B98EB39B}"
EndProject
Project("{FAE04EC0-301F-11D3-BF4B-00C04F79EFBC}") = "MediTrack.Domain", "src\MediTrack.Domain\MediTrack.Domain.csproj", "{758805F4-AB15-48E0-81F7-19749200A643}"
EndProject
Project("{FAE04EC0-301F-11D3-BF4B-00C04F79EFBC}") = "MediTrack.Application", "src\MediTrack.Application\MediTrack.Application.csproj", "{5E1EF5A7-5A64-4A84-9A2D-12BBFD6CE424}"
EndProject
Project("{FAE04EC0-301F-11D3-BF4B-00C04F79EFBC}") = "MediTrack.Infrastructure", "src\MediTrack.Infrastructure\MediTrack.Infrastructure.csproj", "{B3ACCABD-6EE5-4B86-9BD5-E7E087008163}"
EndProject
Project("{FAE04EC0-301F-11D3-BF4B-00C04F79EFBC}") = "MediTrack.Api", "src\MediTrack.Api\MediTrack.Api.csproj", "{AA13303A-0D7A-4CE4-B4D6-066BB3590E30}"
EndProject
Project("{FAE04EC0-301F-11D3-BF4B-00C04F79EFBC}") = "MediTrack.Workers", "src\MediTrack.Workers\MediTrack.Workers.csproj", "{C0F9D138-76BE-4CD4-BEBC-7FAE76A2BAC3}"
EndProject
Project("{2150E333-8FDC-42A3-9474-1A3956D46DE8}") = "tests", "tests", "{0AB3BF05-4346-4AA6-1389-037BE0695223}"
EndProject
Project("{FAE04EC0-301F-11D3-BF4B-00C04F79EFBC}") = "MediTrack.Tests", "tests\MediTrack.Tests\MediTrack.Tests.csproj", "{EDF3BD05-5DA3-430C-94DF-CA734557288F}"
EndProject
Global
	GlobalSection(SolutionConfigurationPlatforms) = preSolution
		Debug|Any CPU = Debug|Any CPU
		Debug|x64 = Debug|x64
		Debug|x86 = Debug|x86
		Release|Any CPU = Release|Any CPU
		Release|x64 = Release|x64
		Release|x86 = Release|x86
	EndGlobalSection
	GlobalSection(ProjectConfigurationPlatforms) = postSolution
		{758805F4-AB15-48E0-81F7-19749200A643}.Debug|Any CPU.ActiveCfg = Debug|Any CPU
		{758805F4-AB15-48E0-81F7-19749200A643}.Debug|Any CPU.Build.0 = Debug|Any CPU
		{758805F4-AB15-48E0-81F7-19749200A643}.Debug|x64.ActiveCfg = Debug|Any CPU
		{758805F4-AB15-48E0-81F7-19749200A643}.Debug|x64.Build.0 = Debug|Any CPU
		{758805F4-AB15-48E0-81F7-19749200A643}.Debug|x86.ActiveCfg = Debug|Any CPU
		{758805F4-AB15-48E0-81F7-19749200A643}.Debug|x86.Build.0 = Debug|Any CPU
		{758805F4-AB15-48E0-81F7-19749200A643}.Release|Any CPU.ActiveCfg = Release|Any CPU
		{758805F4-AB15-48E0-81F7-19749200A643}.Release|Any CPU.Build.0 = Release|Any CPU
		{758805F4-AB15-48E0-81F7-19749200A643}.Release|x64.ActiveCfg = Release|Any CPU
		{758805F4-AB15-48E0-81F7-19749200A643}.Release|x64.Build.0 = Release|Any CPU
		{758805F4-AB15-48E0-81F7-19749200A643}.Release|x86.ActiveCfg = Release|Any CPU
		{758805F4-AB15-48E0-81F7-19749200A643}.Release|x86.Build.0 = Release|Any CPU
		{5E1EF5A7-5A64-4A84-9A2D-12BBFD6CE424}.Debug|Any CPU.ActiveCfg = Debug|Any CPU
		{5E1EF5A7-5A64-4A84-9A2D-12BBFD6CE424}.Debug|Any CPU.Build.0 = Debug|Any CPU
		{5E1EF5A7-5A64-4A84-9A2D-12BBFD6CE424}.Debug|x64.ActiveCfg = Debug|Any CPU
		{5E1EF5A7-5A64-4A84-9A2D-12BBFD6CE424}.Debug|x64.Build.0 = Debug|Any CPU
		{5E1EF5A7-5A64-4A84-9A2D-12BBFD6CE424}.Debug|x86.ActiveCfg = Debug|Any CPU
		{5E1EF5A7-5A64-4A84-9A2D-12BBFD6CE424}.Debug|x86.Build.0 = Debug|Any CPU
		{5E1EF5A7-5A64-4A84-9A2D-12BBFD6CE424}.Release|Any CPU.ActiveCfg = Release|Any CPU
		{5E1EF5A7-5A64-4A84-9A2D-12BBFD6CE424}.Release|Any CPU.Build.0 = Release|Any CPU
		{5E1EF5A7-5A64-4A84-9A2D-12BBFD6CE424}.Release|x64.ActiveCfg = Release|Any CPU
		{5E1EF5A7-5A64-4A84-9A2D-12BBFD6CE424}.Release|x64.Build.0 = Release|Any CPU
		{5E1EF5A7-5A64-4A84-9A2D-12BBFD6CE424}.Release|x86.ActiveCfg = Release|Any CPU
		{5E1EF5A7-5A64-4A84-9A2D-12BBFD6CE424}.Release|x86.Build.0 = Release|Any CPU
		{B3ACCABD-6EE5-4B86-9BD5-E7E087008163}.Debug|Any CPU.ActiveCfg = Debug|Any CPU
		{B3ACCABD-6EE5-4B86-9BD5-E7E087008163}.Debug|Any CPU.Build.0 = Debug|Any CPU
		{B3ACCABD-6EE5-4B86-9BD5-E7E087008163}.Debug|x64.ActiveCfg = Debug|Any CPU
		{B3ACCABD-6EE5-4B86-9BD5-E7E087008163}.Debug|x64.Build.0 = Debug|Any CPU
		{B3ACCABD-6EE5-4B86-9BD5-E7E087008163}.Debug|x86.ActiveCfg = Debug|Any CPU
		{B3ACCABD-6EE5-4B86-9BD5-E7E087008163}.Debug|x86.Build.0 = Debug|Any CPU
		{B3ACCABD-6EE5-4B86-9BD5-E7E087008163}.Release|Any CPU.ActiveCfg = Release|Any CPU
		{B3ACCABD-6EE5-4B86-9BD5-E7E087008163}.Release|Any CPU.Build.0 = Release|Any CPU
		{B3ACCABD-6EE5-4B86-9BD5-E7E087008163}.Release|x64.ActiveCfg = Release|Any CPU
		{B3ACCABD-6EE5-4B86-9BD5-E7E087008163}.Release|x64.Build.0 = Release|Any CPU
		{B3ACCABD-6EE5-4B86-9BD5-E7E087008163}.Release|x86.ActiveCfg = Release|Any CPU
		{B3ACCABD-6EE5-4B86-9BD5-E7E087008163}.Release|x86.Build.0 = Release|Any CPU
		{AA13303A-0D7A-4CE4-B4D6-066BB3590E30}.Debug|Any CPU.ActiveCfg = Debug|Any CPU
		{AA13303A-0D7A-4CE4-B4D6-066BB3590E30}.Debug|Any CPU.Build.0 = Debug|Any CPU
		{AA13303A-0D7A-4CE4-B4D6-066BB3590E30}.Debug|x64.ActiveCfg = Debug|Any CPU
		{AA13303A-0D7A-4CE4-B4D6-066BB3590E30}.Debug|x64.Build.0 = Debug|Any CPU
		{AA13303A-0D7A-4CE4-B4D6-066BB3590E30}.Debug|x86.ActiveCfg = Debug|Any CPU
		{AA13303A-0D7A-4CE4-B4D6-066BB3590E30}.Debug|x86.Build.0 = Debug|Any CPU
		{AA13303A-0D7A-4CE4-B4D6-066BB3590E30}.Release|Any CPU.ActiveCfg = Release|Any CPU
		{AA13303A-0D7A-4CE4-B4D6-066BB3590E30}.Release|Any CPU.Build.0 = Release|Any CPU
		{AA13303A-0D7A-4CE4-B4D6-066BB3590E30}.Release|x64.ActiveCfg = Release|Any CPU
		{AA13303A-0D7A-4CE4-B4D6-066BB3590E30}.Release|x64.Build.0 = Release|Any CPU
		{AA13303A-0D7A-4CE4-B4D6-066BB3590E30}.Release|x86.ActiveCfg = Release|Any CPU
		{AA13303A-0D7A-4CE4-B4D6-066BB3590E30}.Release|x86.Build.0 = Release|Any CPU
		{C0F9D138-76BE-4CD4-BEBC-7FAE76A2BAC3}.Debug|Any CPU.ActiveCfg = Debug|Any CPU
		{C0F9D138-76BE-4CD4-BEBC-7FAE76A2BAC3}.Debug|Any CPU.Build.0 = Debug|Any CPU
		{C0F9D138-76BE-4CD4-BEBC-7FAE76A2BAC3}.Debug|x64.ActiveCfg = Debug|Any CPU
		{C0F9D138-76BE-4CD4-BEBC-7FAE76A2BAC3}.Debug|x64.Build.0 = Debug|Any CPU
		{C0F9D138-76BE-4CD4-BEBC-7FAE76A2BAC3}.Debug|x86.ActiveCfg = Debug|Any CPU
		{C0F9D138-76BE-4CD4-BEBC-7FAE76A2BAC3}.Debug|x86.Build.0 = Debug|Any CPU
		{C0F9D138-76BE-4CD4-BEBC-7FAE76A2BAC3}.Release|Any CPU.ActiveCfg = Release|Any CPU
		{C0F9D138-76BE-4CD4-BEBC-7FAE76A2BAC3}.Release|Any CPU.Build.0 = Release|Any CPU
		{C0F9D138-76BE-4CD4-BEBC-7FAE76A2BAC3}.Release|x64.ActiveCfg = Release|Any CPU
		{C0F9D138-76BE-4CD4-BEBC-7FAE76A2BAC3}.Release|x64.Build.0 = Release|Any CPU
		{C0F9D138-76BE-4CD4-BEBC-7FAE76A2BAC3}.Release|x86.ActiveCfg = Release|Any CPU
		{C0F9D138-76BE-4CD4-BEBC-7FAE76A2BAC3}.Release|x86.Build.0 = Release|Any CPU
		{EDF3BD05-5DA3-430C-94DF-CA734557288F}.Debug|Any CPU.ActiveCfg = Debug|Any CPU
		{EDF3BD05-5DA3-430C-94DF-CA734557288F}.Debug|Any CPU.Build.0 = Debug|Any CPU
		{EDF3BD05-5DA3-430C-94DF-CA734557288F}.Debug|x64.ActiveCfg = Debug|Any CPU
		{EDF3BD05-5DA3-430C-94DF-CA734557288F}.Debug|x64.Build.0 = Debug|Any CPU
		{EDF3BD05-5DA3-430C-94DF-CA734557288F}.Debug|x86.ActiveCfg = Debug|Any CPU
		{EDF3BD05-5DA3-430C-94DF-CA734557288F}.Debug|x86.Build.0 = Debug|Any CPU
		{EDF3BD05-5DA3-430C-94DF-CA734557288F}.Release|Any CPU.ActiveCfg = Release|Any CPU
		{EDF3BD05-5DA3-430C-94DF-CA734557288F}.Release|Any CPU.Build.0 = Release|Any CPU
		{EDF3BD05-5DA3-430C-94DF-CA734557288F}.Release|x64.ActiveCfg = Release|Any CPU
		{EDF3BD05-5DA3-430C-94DF-CA734557288F}.Release|x64.Build.0 = Release|Any CPU
		{EDF3BD05-5DA3-430C-94DF-CA734557288F}.Release|x86.ActiveCfg = Release|Any CPU
		{EDF3BD05-5DA3-430C-94DF-CA734557288F}.Release|x86.Build.0 = Release|Any CPU
	EndGlobalSection
	GlobalSection(SolutionProperties) = preSolution
		HideSolutionNode = FALSE
	EndGlobalSection
	GlobalSection(NestedProjects) = preSolution
		{758805F4-AB15-48E0-81F7-19749200A643} = {827E0CD3-B72D-47B6-A68D-7590B98EB39B}
		{5E1EF5A7-5A64-4A84-9A2D-12BBFD6CE424} = {827E0CD3-B72D-47B6-A68D-7590B98EB39B}
		{B3ACCABD-6EE5-4B86-9BD5-E7E087008163} = {827E0CD3-B72D-47B6-A68D-7590B98EB39B}
		{AA13303A-0D7A-4CE4-B4D6-066BB3590E30} = {827E0CD3-B72D-47B6-A68D-7590B98EB39B}
		{C0F9D138-76BE-4CD4-BEBC-7FAE76A2BAC3} = {827E0CD3-B72D-47B6-A68D-7590B98EB39B}
		{EDF3BD05-5DA3-430C-94DF-CA734557288F} = {0AB3BF05-4346-4AA6-1389-037BE0695223}
	EndGlobalSection
EndGlobal
